// !$*UTF8*$!
{
	archiveVersion = 1;
	classes = {
	};
	objectVersion = 55;
	objects = {

/* Begin PBXBuildFile section */
		8C8F0EA828390E1C0012206B /* Artboard 1Lauchpage.png in Resources */ = {isa = PBXBuildFile; fileRef = 8C8F0E8428390E1C0012206B /* Artboard 1Lauchpage.png */; };
		8C8F0EA928390E1C0012206B /* Artboard 12.png in Resources */ = {isa = PBXBuildFile; fileRef = 8C8F0E8528390E1C0012206B /* Artboard 12.png */; };
		8C8F0EAA28390E1C0012206B /* L-Page.ai in Resources */ = {isa = PBXBuildFile; fileRef = 8C8F0E8628390E1C0012206B /* L-Page.ai */; };
		8C8F0EAB28390E1C0012206B /* Payment-1.png in Resources */ = {isa = PBXBuildFile; fileRef = 8C8F0E8828390E1C0012206B /* Payment-1.png */; };
		8C8F0EAC28390E1C0012206B /* map-filling.png in Resources */ = {isa = PBXBuildFile; fileRef = 8C8F0E8928390E1C0012206B /* map-filling.png */; };
		8C8F0EAD28390E1C0012206B /* record.png in Resources */ = {isa = PBXBuildFile; fileRef = 8C8F0E8A28390E1C0012206B /* record.png */; };
		8C8F0EAE28390E1C0012206B /* record1.png in Resources */ = {isa = PBXBuildFile; fileRef = 8C8F0E8B28390E1C0012206B /* record1.png */; };
		8C8F0EAF28390E1C0012206B /* accountbox.png in Resources */ = {isa = PBXBuildFile; fileRef = 8C8F0E8C28390E1C0012206B /* accountbox.png */; };
		8C8F0EB028390E1C0012206B /* map.png in Resources */ = {isa = PBXBuildFile; fileRef = 8C8F0E8D28390E1C0012206B /* map.png */; };
		8C8F0EB128390E1C0012206B /* parking.png in Resources */ = {isa = PBXBuildFile; fileRef = 8C8F0E8E28390E1C0012206B /* parking.png */; };
		8C8F0EB228390E1C0012206B /* car.png in Resources */ = {isa = PBXBuildFile; fileRef = 8C8F0E8F28390E1C0012206B /* car.png */; };
		8C8F0EB328390E1C0012206B /* chat.png in Resources */ = {isa = PBXBuildFile; fileRef = 8C8F0E9028390E1C0012206B /* chat.png */; };
		8C8F0EB428390E1C0012206B /* setting.png in Resources */ = {isa = PBXBuildFile; fileRef = 8C8F0E9128390E1C0012206B /* setting.png */; };
		8C8F0EB528390E1C0012206B /* Artboard 180.png in Resources */ = {isa = PBXBuildFile; fileRef = 8C8F0E9328390E1C0012206B /* Artboard 180.png */; };
		8C8F0EB628390E1C0012206B /* Artboard 140.png in Resources */ = {isa = PBXBuildFile; fileRef = 8C8F0E9428390E1C0012206B /* Artboard 140.png */; };
		8C8F0EB728390E1C0012206B /* Artboard 187.png in Resources */ = {isa = PBXBuildFile; fileRef = 8C8F0E9528390E1C0012206B /* Artboard 187.png */; };
		8C8F0EB828390E1C0012206B /* Artboard 11024.png in Resources */ = {isa = PBXBuildFile; fileRef = 8C8F0E9628390E1C0012206B /* Artboard 11024.png */; };
		8C8F0EB928390E1C0012206B /* Artboard 1167.png in Resources */ = {isa = PBXBuildFile; fileRef = 8C8F0E9728390E1C0012206B /* Artboard 1167.png */; };
		8C8F0EBA28390E1C0012206B /* Artboard 1180.png in Resources */ = {isa = PBXBuildFile; fileRef = 8C8F0E9828390E1C0012206B /* Artboard 1180.png */; };
		8C8F0EBB28390E1C0012206B /* Artboard 1152.png in Resources */ = {isa = PBXBuildFile; fileRef = 8C8F0E9928390E1C0012206B /* Artboard 1152.png */; };
		8C8F0EBC28390E1C0012206B /* Artboard 1120.png in Resources */ = {isa = PBXBuildFile; fileRef = 8C8F0E9A28390E1C0012206B /* Artboard 1120.png */; };
		8C8F0EBD28390E1C0012206B /* Artboard 160.png in Resources */ = {isa = PBXBuildFile; fileRef = 8C8F0E9B28390E1C0012206B /* Artboard 160.png */; };
		8C8F0EBE28390E1C0012206B /* Artboard 158.png in Resources */ = {isa = PBXBuildFile; fileRef = 8C8F0E9C28390E1C0012206B /* Artboard 158.png */; };
		8C8F0EBF28390E1C0012206B /* Asset 1Account.png in Resources */ = {isa = PBXBuildFile; fileRef = 8C8F0E9E28390E1C0012206B /* Asset 1Account.png */; };
		8C8F0EC028390E1C0012206B /* Asset 1Payment.png in Resources */ = {isa = PBXBuildFile; fileRef = 8C8F0E9F28390E1C0012206B /* Asset 1Payment.png */; };
		8C8F0EC128390E1C0012206B /* Asset 1Park.png in Resources */ = {isa = PBXBuildFile; fileRef = 8C8F0EA028390E1C0012206B /* Asset 1Park.png */; };
		8C8F0EC228390E1C0012206B /* Asset 1Car.png in Resources */ = {isa = PBXBuildFile; fileRef = 8C8F0EA128390E1C0012206B /* Asset 1Car.png */; };
		8C8F0EC328390E1C0012206B /* Asset 1Records.png in Resources */ = {isa = PBXBuildFile; fileRef = 8C8F0EA228390E1C0012206B /* Asset 1Records.png */; };
		8C8F0EC428390E1C0012206B /* Asset 1Settings.png in Resources */ = {isa = PBXBuildFile; fileRef = 8C8F0EA328390E1C0012206B /* Asset 1Settings.png */; };
		8C8F0EC528390E1C0012206B /* Asset 1chat.png in Resources */ = {isa = PBXBuildFile; fileRef = 8C8F0EA428390E1C0012206B /* Asset 1chat.png */; };
		8C8F0EC628390E1C0012206B /* Asset 1history.png in Resources */ = {isa = PBXBuildFile; fileRef = 8C8F0EA528390E1C0012206B /* Asset 1history.png */; };
		8C8F0EC728390E1C0012206B /* Asset 1map-1.png in Resources */ = {isa = PBXBuildFile; fileRef = 8C8F0EA628390E1C0012206B /* Asset 1map-1.png */; };
		8C8F0EC828390E1C0012206B /* Asset 1map-2.png in Resources */ = {isa = PBXBuildFile; fileRef = 8C8F0EA728390E1C0012206B /* Asset 1map-2.png */; };
		8C8F0ECA28390EA60012206B /* LaunchScreen.storyboard in Resources */ = {isa = PBXBuildFile; fileRef = 8C8F0EC928390EA60012206B /* LaunchScreen.storyboard */; };
		B338D98C282FC64300D0A71E /* Parking_meters.geojson in Resources */ = {isa = PBXBuildFile; fileRef = B338D98B282FC64300D0A71E /* Parking_meters.geojson */; };
		B338D98E282FC6ED00D0A71E /* ParkingDataManager.swift in Sources */ = {isa = PBXBuildFile; fileRef = B338D98D282FC6ED00D0A71E /* ParkingDataManager.swift */; };
		B338D990282FC73600D0A71E /* ParkingPlace.swift in Sources */ = {isa = PBXBuildFile; fileRef = B338D98F282FC73600D0A71E /* ParkingPlace.swift */; };
		B338D992282FC9CE00D0A71E /* ParkingMapViewController.swift in Sources */ = {isa = PBXBuildFile; fileRef = B338D991282FC9CE00D0A71E /* ParkingMapViewController.swift */; };
		B338D994282FCD9500D0A71E /* SearchPlaceViewController.swift in Sources */ = {isa = PBXBuildFile; fileRef = B338D993282FCD9500D0A71E /* SearchPlaceViewController.swift */; };
		B338D996282FD89200D0A71E /* ParkingDetailViewController.swift in Sources */ = {isa = PBXBuildFile; fileRef = B338D995282FD89200D0A71E /* ParkingDetailViewController.swift */; };
		B378990C282F41D3003B26C2 /* AppDelegate.swift in Sources */ = {isa = PBXBuildFile; fileRef = B378990B282F41D3003B26C2 /* AppDelegate.swift */; };
		B378990E282F41D3003B26C2 /* SceneDelegate.swift in Sources */ = {isa = PBXBuildFile; fileRef = B378990D282F41D3003B26C2 /* SceneDelegate.swift */; };
		B3789913282F41D3003B26C2 /* Main.storyboard in Resources */ = {isa = PBXBuildFile; fileRef = B3789911282F41D3003B26C2 /* Main.storyboard */; };
		B3789915282F41D5003B26C2 /* Assets.xcassets in Resources */ = {isa = PBXBuildFile; fileRef = B3789914282F41D5003B26C2 /* Assets.xcassets */; };
		B3F968C82836255A0030EE73 /* CurrentParkingViewController.swift in Sources */ = {isa = PBXBuildFile; fileRef = B3F968C72836255A0030EE73 /* CurrentParkingViewController.swift */; };
/* End PBXBuildFile section */

/* Begin PBXFileReference section */
		8C8F0E8428390E1C0012206B /* Artboard 1Lauchpage.png */ = {isa = PBXFileReference; lastKnownFileType = image.png; path = "Artboard 1Lauchpage.png"; sourceTree = "<group>"; };
		8C8F0E8528390E1C0012206B /* Artboard 12.png */ = {isa = PBXFileReference; lastKnownFileType = image.png; path = "Artboard 12.png"; sourceTree = "<group>"; };
		8C8F0E8628390E1C0012206B /* L-Page.ai */ = {isa = PBXFileReference; fileEncoding = 4; lastKnownFileType = text; path = "L-Page.ai"; sourceTree = "<group>"; };
		8C8F0E8828390E1C0012206B /* Payment-1.png */ = {isa = PBXFileReference; lastKnownFileType = image.png; path = "Payment-1.png"; sourceTree = "<group>"; };
		8C8F0E8928390E1C0012206B /* map-filling.png */ = {isa = PBXFileReference; lastKnownFileType = image.png; path = "map-filling.png"; sourceTree = "<group>"; };
		8C8F0E8A28390E1C0012206B /* record.png */ = {isa = PBXFileReference; lastKnownFileType = image.png; path = record.png; sourceTree = "<group>"; };
		8C8F0E8B28390E1C0012206B /* record1.png */ = {isa = PBXFileReference; lastKnownFileType = image.png; path = record1.png; sourceTree = "<group>"; };
		8C8F0E8C28390E1C0012206B /* accountbox.png */ = {isa = PBXFileReference; lastKnownFileType = image.png; path = accountbox.png; sourceTree = "<group>"; };
		8C8F0E8D28390E1C0012206B /* map.png */ = {isa = PBXFileReference; lastKnownFileType = image.png; path = map.png; sourceTree = "<group>"; };
		8C8F0E8E28390E1C0012206B /* parking.png */ = {isa = PBXFileReference; lastKnownFileType = image.png; path = parking.png; sourceTree = "<group>"; };
		8C8F0E8F28390E1C0012206B /* car.png */ = {isa = PBXFileReference; lastKnownFileType = image.png; path = car.png; sourceTree = "<group>"; };
		8C8F0E9028390E1C0012206B /* chat.png */ = {isa = PBXFileReference; lastKnownFileType = image.png; path = chat.png; sourceTree = "<group>"; };
		8C8F0E9128390E1C0012206B /* setting.png */ = {isa = PBXFileReference; lastKnownFileType = image.png; path = setting.png; sourceTree = "<group>"; };
		8C8F0E9328390E1C0012206B /* Artboard 180.png */ = {isa = PBXFileReference; lastKnownFileType = image.png; path = "Artboard 180.png"; sourceTree = "<group>"; };
		8C8F0E9428390E1C0012206B /* Artboard 140.png */ = {isa = PBXFileReference; lastKnownFileType = image.png; path = "Artboard 140.png"; sourceTree = "<group>"; };
		8C8F0E9528390E1C0012206B /* Artboard 187.png */ = {isa = PBXFileReference; lastKnownFileType = image.png; path = "Artboard 187.png"; sourceTree = "<group>"; };
		8C8F0E9628390E1C0012206B /* Artboard 11024.png */ = {isa = PBXFileReference; lastKnownFileType = image.png; path = "Artboard 11024.png"; sourceTree = "<group>"; };
		8C8F0E9728390E1C0012206B /* Artboard 1167.png */ = {isa = PBXFileReference; lastKnownFileType = image.png; path = "Artboard 1167.png"; sourceTree = "<group>"; };
		8C8F0E9828390E1C0012206B /* Artboard 1180.png */ = {isa = PBXFileReference; lastKnownFileType = image.png; path = "Artboard 1180.png"; sourceTree = "<group>"; };
		8C8F0E9928390E1C0012206B /* Artboard 1152.png */ = {isa = PBXFileReference; lastKnownFileType = image.png; path = "Artboard 1152.png"; sourceTree = "<group>"; };
		8C8F0E9A28390E1C0012206B /* Artboard 1120.png */ = {isa = PBXFileReference; lastKnownFileType = image.png; path = "Artboard 1120.png"; sourceTree = "<group>"; };
		8C8F0E9B28390E1C0012206B /* Artboard 160.png */ = {isa = PBXFileReference; lastKnownFileType = image.png; path = "Artboard 160.png"; sourceTree = "<group>"; };
		8C8F0E9C28390E1C0012206B /* Artboard 158.png */ = {isa = PBXFileReference; lastKnownFileType = image.png; path = "Artboard 158.png"; sourceTree = "<group>"; };
		8C8F0E9E28390E1C0012206B /* Asset 1Account.png */ = {isa = PBXFileReference; lastKnownFileType = image.png; path = "Asset 1Account.png"; sourceTree = "<group>"; };
		8C8F0E9F28390E1C0012206B /* Asset 1Payment.png */ = {isa = PBXFileReference; lastKnownFileType = image.png; path = "Asset 1Payment.png"; sourceTree = "<group>"; };
		8C8F0EA028390E1C0012206B /* Asset 1Park.png */ = {isa = PBXFileReference; lastKnownFileType = image.png; path = "Asset 1Park.png"; sourceTree = "<group>"; };
		8C8F0EA128390E1C0012206B /* Asset 1Car.png */ = {isa = PBXFileReference; lastKnownFileType = image.png; path = "Asset 1Car.png"; sourceTree = "<group>"; };
		8C8F0EA228390E1C0012206B /* Asset 1Records.png */ = {isa = PBXFileReference; lastKnownFileType = image.png; path = "Asset 1Records.png"; sourceTree = "<group>"; };
		8C8F0EA328390E1C0012206B /* Asset 1Settings.png */ = {isa = PBXFileReference; lastKnownFileType = image.png; path = "Asset 1Settings.png"; sourceTree = "<group>"; };
		8C8F0EA428390E1C0012206B /* Asset 1chat.png */ = {isa = PBXFileReference; lastKnownFileType = image.png; path = "Asset 1chat.png"; sourceTree = "<group>"; };
		8C8F0EA528390E1C0012206B /* Asset 1history.png */ = {isa = PBXFileReference; lastKnownFileType = image.png; path = "Asset 1history.png"; sourceTree = "<group>"; };
		8C8F0EA628390E1C0012206B /* Asset 1map-1.png */ = {isa = PBXFileReference; lastKnownFileType = image.png; path = "Asset 1map-1.png"; sourceTree = "<group>"; };
		8C8F0EA728390E1C0012206B /* Asset 1map-2.png */ = {isa = PBXFileReference; lastKnownFileType = image.png; path = "Asset 1map-2.png"; sourceTree = "<group>"; };
		8C8F0EC928390EA60012206B /* LaunchScreen.storyboard */ = {isa = PBXFileReference; fileEncoding = 4; lastKnownFileType = file.storyboard; name = LaunchScreen.storyboard; path = ../../../../.Trash/LaunchScreen.storyboard; sourceTree = "<group>"; };
		B338D98B282FC64300D0A71E /* Parking_meters.geojson */ = {isa = PBXFileReference; fileEncoding = 4; lastKnownFileType = text; path = Parking_meters.geojson; sourceTree = "<group>"; };
		B338D98D282FC6ED00D0A71E /* ParkingDataManager.swift */ = {isa = PBXFileReference; lastKnownFileType = sourcecode.swift; path = ParkingDataManager.swift; sourceTree = "<group>"; };
		B338D98F282FC73600D0A71E /* ParkingPlace.swift */ = {isa = PBXFileReference; lastKnownFileType = sourcecode.swift; path = ParkingPlace.swift; sourceTree = "<group>"; };
		B338D991282FC9CE00D0A71E /* ParkingMapViewController.swift */ = {isa = PBXFileReference; lastKnownFileType = sourcecode.swift; path = ParkingMapViewController.swift; sourceTree = "<group>"; };
		B338D993282FCD9500D0A71E /* SearchPlaceViewController.swift */ = {isa = PBXFileReference; lastKnownFileType = sourcecode.swift; path = SearchPlaceViewController.swift; sourceTree = "<group>"; };
		B338D995282FD89200D0A71E /* ParkingDetailViewController.swift */ = {isa = PBXFileReference; lastKnownFileType = sourcecode.swift; path = ParkingDetailViewController.swift; sourceTree = "<group>"; };
		B3789908282F41D3003B26C2 /* My Parking App.app */ = {isa = PBXFileReference; explicitFileType = wrapper.application; includeInIndex = 0; path = "My Parking App.app"; sourceTree = BUILT_PRODUCTS_DIR; };
		B378990B282F41D3003B26C2 /* AppDelegate.swift */ = {isa = PBXFileReference; lastKnownFileType = sourcecode.swift; path = AppDelegate.swift; sourceTree = "<group>"; };
		B378990D282F41D3003B26C2 /* SceneDelegate.swift */ = {isa = PBXFileReference; lastKnownFileType = sourcecode.swift; path = SceneDelegate.swift; sourceTree = "<group>"; };
		B3789912282F41D3003B26C2 /* Base */ = {isa = PBXFileReference; lastKnownFileType = file.storyboard; name = Base; path = Base.lproj/Main.storyboard; sourceTree = "<group>"; };
		B3789914282F41D5003B26C2 /* Assets.xcassets */ = {isa = PBXFileReference; lastKnownFileType = folder.assetcatalog; path = Assets.xcassets; sourceTree = "<group>"; };
		B3789919282F41D5003B26C2 /* Info.plist */ = {isa = PBXFileReference; lastKnownFileType = text.plist.xml; path = Info.plist; sourceTree = "<group>"; };
		B3F968C72836255A0030EE73 /* CurrentParkingViewController.swift */ = {isa = PBXFileReference; lastKnownFileType = sourcecode.swift; path = CurrentParkingViewController.swift; sourceTree = "<group>"; };
/* End PBXFileReference section */

/* Begin PBXFrameworksBuildPhase section */
		B3789905282F41D3003B26C2 /* Frameworks */ = {
			isa = PBXFrameworksBuildPhase;
			buildActionMask = 2147483647;
			files = (
			);
			runOnlyForDeploymentPostprocessing = 0;
		};
/* End PBXFrameworksBuildPhase section */

/* Begin PBXGroup section */
		8C8F0E8228390E1C0012206B /* IMAGE */ = {
			isa = PBXGroup;
			children = (
				8C8F0E8328390E1C0012206B /* Elements */,
				8C8F0E8728390E1C0012206B /* 64 */,
				8C8F0E9228390E1C0012206B /* ICONS */,
				8C8F0E9D28390E1C0012206B /* 48 */,
			);
			path = IMAGE;
			sourceTree = "<group>";
		};
		8C8F0E8328390E1C0012206B /* Elements */ = {
			isa = PBXGroup;
			children = (
				8C8F0E8428390E1C0012206B /* Artboard 1Lauchpage.png */,
				8C8F0E8528390E1C0012206B /* Artboard 12.png */,
				8C8F0E8628390E1C0012206B /* L-Page.ai */,
			);
			path = Elements;
			sourceTree = "<group>";
		};
		8C8F0E8728390E1C0012206B /* 64 */ = {
			isa = PBXGroup;
			children = (
				8C8F0E8828390E1C0012206B /* Payment-1.png */,
				8C8F0E8928390E1C0012206B /* map-filling.png */,
				8C8F0E8A28390E1C0012206B /* record.png */,
				8C8F0E8B28390E1C0012206B /* record1.png */,
				8C8F0E8C28390E1C0012206B /* accountbox.png */,
				8C8F0E8D28390E1C0012206B /* map.png */,
				8C8F0E8E28390E1C0012206B /* parking.png */,
				8C8F0E8F28390E1C0012206B /* car.png */,
				8C8F0E9028390E1C0012206B /* chat.png */,
				8C8F0E9128390E1C0012206B /* setting.png */,
			);
			path = 64;
			sourceTree = "<group>";
		};
		8C8F0E9228390E1C0012206B /* ICONS */ = {
			isa = PBXGroup;
			children = (
				8C8F0E9328390E1C0012206B /* Artboard 180.png */,
				8C8F0E9428390E1C0012206B /* Artboard 140.png */,
				8C8F0E9528390E1C0012206B /* Artboard 187.png */,
				8C8F0E9628390E1C0012206B /* Artboard 11024.png */,
				8C8F0E9728390E1C0012206B /* Artboard 1167.png */,
				8C8F0E9828390E1C0012206B /* Artboard 1180.png */,
				8C8F0E9928390E1C0012206B /* Artboard 1152.png */,
				8C8F0E9A28390E1C0012206B /* Artboard 1120.png */,
				8C8F0E9B28390E1C0012206B /* Artboard 160.png */,
				8C8F0E9C28390E1C0012206B /* Artboard 158.png */,
			);
			path = ICONS;
			sourceTree = "<group>";
		};
		8C8F0E9D28390E1C0012206B /* 48 */ = {
			isa = PBXGroup;
			children = (
				8C8F0E9E28390E1C0012206B /* Asset 1Account.png */,
				8C8F0E9F28390E1C0012206B /* Asset 1Payment.png */,
				8C8F0EA028390E1C0012206B /* Asset 1Park.png */,
				8C8F0EA128390E1C0012206B /* Asset 1Car.png */,
				8C8F0EA228390E1C0012206B /* Asset 1Records.png */,
				8C8F0EA328390E1C0012206B /* Asset 1Settings.png */,
				8C8F0EA428390E1C0012206B /* Asset 1chat.png */,
				8C8F0EA528390E1C0012206B /* Asset 1history.png */,
				8C8F0EA628390E1C0012206B /* Asset 1map-1.png */,
				8C8F0EA728390E1C0012206B /* Asset 1map-2.png */,
			);
			path = 48;
			sourceTree = "<group>";
		};
		B37898FF282F41D3003B26C2 = {
			isa = PBXGroup;
			children = (
				8C8F0E8228390E1C0012206B /* IMAGE */,
				B378990A282F41D3003B26C2 /* My Parking App */,
				B3789909282F41D3003B26C2 /* Products */,
			);
			sourceTree = "<group>";
		};
		B3789909282F41D3003B26C2 /* Products */ = {
			isa = PBXGroup;
			children = (
				B3789908282F41D3003B26C2 /* My Parking App.app */,
			);
			name = Products;
			sourceTree = "<group>";
		};
		B378990A282F41D3003B26C2 /* My Parking App */ = {
			isa = PBXGroup;
			children = (
				B378990B282F41D3003B26C2 /* AppDelegate.swift */,
				B378990D282F41D3003B26C2 /* SceneDelegate.swift */,
				B338D98D282FC6ED00D0A71E /* ParkingDataManager.swift */,
				B3F968C72836255A0030EE73 /* CurrentParkingViewController.swift */,
				B338D991282FC9CE00D0A71E /* ParkingMapViewController.swift */,
				B338D993282FCD9500D0A71E /* SearchPlaceViewController.swift */,
				B338D995282FD89200D0A71E /* ParkingDetailViewController.swift */,
				B338D98F282FC73600D0A71E /* ParkingPlace.swift */,
				B338D98B282FC64300D0A71E /* Parking_meters.geojson */,
				8C8F0EC928390EA60012206B /* LaunchScreen.storyboard */,
				B3789911282F41D3003B26C2 /* Main.storyboard */,
				B3789914282F41D5003B26C2 /* Assets.xcassets */,
				B3789919282F41D5003B26C2 /* Info.plist */,
			);
			path = "My Parking App";
			sourceTree = "<group>";
		};
/* End PBXGroup section */

/* Begin PBXNativeTarget section */
		B3789907282F41D3003B26C2 /* My Parking App */ = {
			isa = PBXNativeTarget;
			buildConfigurationList = B378991C282F41D5003B26C2 /* Build configuration list for PBXNativeTarget "My Parking App" */;
			buildPhases = (
				B3789904282F41D3003B26C2 /* Sources */,
				B3789905282F41D3003B26C2 /* Frameworks */,
				B3789906282F41D3003B26C2 /* Resources */,
			);
			buildRules = (
			);
			dependencies = (
			);
			name = "My Parking App";
			productName = "My Parking App";
			productReference = B3789908282F41D3003B26C2 /* My Parking App.app */;
			productType = "com.apple.product-type.application";
		};
/* End PBXNativeTarget section */

/* Begin PBXProject section */
		B3789900282F41D3003B26C2 /* Project object */ = {
			isa = PBXProject;
			attributes = {
				BuildIndependentTargetsInParallel = 1;
				LastSwiftUpdateCheck = 1330;
				LastUpgradeCheck = 1330;
				TargetAttributes = {
					B3789907282F41D3003B26C2 = {
						CreatedOnToolsVersion = 13.3.1;
					};
				};
			};
			buildConfigurationList = B3789903282F41D3003B26C2 /* Build configuration list for PBXProject "My Parking App" */;
			compatibilityVersion = "Xcode 13.0";
			developmentRegion = en;
			hasScannedForEncodings = 0;
			knownRegions = (
				en,
				Base,
			);
			mainGroup = B37898FF282F41D3003B26C2;
			productRefGroup = B3789909282F41D3003B26C2 /* Products */;
			projectDirPath = "";
			projectRoot = "";
			targets = (
				B3789907282F41D3003B26C2 /* My Parking App */,
			);
		};
/* End PBXProject section */

/* Begin PBXResourcesBuildPhase section */
		B3789906282F41D3003B26C2 /* Resources */ = {
			isa = PBXResourcesBuildPhase;
			buildActionMask = 2147483647;
			files = (
				8C8F0EAD28390E1C0012206B /* record.png in Resources */,
				8C8F0EC528390E1C0012206B /* Asset 1chat.png in Resources */,
				8C8F0EC428390E1C0012206B /* Asset 1Settings.png in Resources */,
				8C8F0EC228390E1C0012206B /* Asset 1Car.png in Resources */,
				8C8F0EA928390E1C0012206B /* Artboard 12.png in Resources */,
				8C8F0EB728390E1C0012206B /* Artboard 187.png in Resources */,
				8C8F0EB628390E1C0012206B /* Artboard 140.png in Resources */,
				8C8F0EBB28390E1C0012206B /* Artboard 1152.png in Resources */,
				8C8F0EB028390E1C0012206B /* map.png in Resources */,
				B338D98C282FC64300D0A71E /* Parking_meters.geojson in Resources */,
				8C8F0EC328390E1C0012206B /* Asset 1Records.png in Resources */,
				8C8F0EB128390E1C0012206B /* parking.png in Resources */,
				8C8F0EC628390E1C0012206B /* Asset 1history.png in Resources */,
				8C8F0EBE28390E1C0012206B /* Artboard 158.png in Resources */,
				8C8F0EAC28390E1C0012206B /* map-filling.png in Resources */,
				8C8F0EC728390E1C0012206B /* Asset 1map-1.png in Resources */,
				8C8F0EAE28390E1C0012206B /* record1.png in Resources */,
				8C8F0EA828390E1C0012206B /* Artboard 1Lauchpage.png in Resources */,
				8C8F0EB528390E1C0012206B /* Artboard 180.png in Resources */,
				8C8F0EB928390E1C0012206B /* Artboard 1167.png in Resources */,
				8C8F0EC028390E1C0012206B /* Asset 1Payment.png in Resources */,
				8C8F0EB828390E1C0012206B /* Artboard 11024.png in Resources */,
				8C8F0EC828390E1C0012206B /* Asset 1map-2.png in Resources */,
				8C8F0EBA28390E1C0012206B /* Artboard 1180.png in Resources */,
				8C8F0EAB28390E1C0012206B /* Payment-1.png in Resources */,
				B3789915282F41D5003B26C2 /* Assets.xcassets in Resources */,
				8C8F0EBC28390E1C0012206B /* Artboard 1120.png in Resources */,
				8C8F0EB328390E1C0012206B /* chat.png in Resources */,
				8C8F0EB428390E1C0012206B /* setting.png in Resources */,
				8C8F0EC128390E1C0012206B /* Asset 1Park.png in Resources */,
				8C8F0EAA28390E1C0012206B /* L-Page.ai in Resources */,
				8C8F0ECA28390EA60012206B /* LaunchScreen.storyboard in Resources */,
				8C8F0EBF28390E1C0012206B /* Asset 1Account.png in Resources */,
				8C8F0EB228390E1C0012206B /* car.png in Resources */,
				8C8F0EBD28390E1C0012206B /* Artboard 160.png in Resources */,
				B3789913282F41D3003B26C2 /* Main.storyboard in Resources */,
				8C8F0EAF28390E1C0012206B /* accountbox.png in Resources */,
			);
			runOnlyForDeploymentPostprocessing = 0;
		};
/* End PBXResourcesBuildPhase section */

/* Begin PBXSourcesBuildPhase section */
		B3789904282F41D3003B26C2 /* Sources */ = {
			isa = PBXSourcesBuildPhase;
			buildActionMask = 2147483647;
			files = (
				B338D98E282FC6ED00D0A71E /* ParkingDataManager.swift in Sources */,
				B338D992282FC9CE00D0A71E /* ParkingMapViewController.swift in Sources */,
				B378990C282F41D3003B26C2 /* AppDelegate.swift in Sources */,
				B338D990282FC73600D0A71E /* ParkingPlace.swift in Sources */,
				B338D994282FCD9500D0A71E /* SearchPlaceViewController.swift in Sources */,
				B338D996282FD89200D0A71E /* ParkingDetailViewController.swift in Sources */,
				B378990E282F41D3003B26C2 /* SceneDelegate.swift in Sources */,
				B3F968C82836255A0030EE73 /* CurrentParkingViewController.swift in Sources */,
			);
			runOnlyForDeploymentPostprocessing = 0;
		};
/* End PBXSourcesBuildPhase section */

/* Begin PBXVariantGroup section */
		B3789911282F41D3003B26C2 /* Main.storyboard */ = {
			isa = PBXVariantGroup;
			children = (
				B3789912282F41D3003B26C2 /* Base */,
			);
			name = Main.storyboard;
			sourceTree = "<group>";
		};
/* End PBXVariantGroup section */

/* Begin XCBuildConfiguration section */
		B378991A282F41D5003B26C2 /* Debug */ = {
			isa = XCBuildConfiguration;
			buildSettings = {
				ALWAYS_SEARCH_USER_PATHS = NO;
				CLANG_ANALYZER_NONNULL = YES;
				CLANG_ANALYZER_NUMBER_OBJECT_CONVERSION = YES_AGGRESSIVE;
				CLANG_CXX_LANGUAGE_STANDARD = "gnu++17";
				CLANG_ENABLE_MODULES = YES;
				CLANG_ENABLE_OBJC_ARC = YES;
				CLANG_ENABLE_OBJC_WEAK = YES;
				CLANG_WARN_BLOCK_CAPTURE_AUTORELEASING = YES;
				CLANG_WARN_BOOL_CONVERSION = YES;
				CLANG_WARN_COMMA = YES;
				CLANG_WARN_CONSTANT_CONVERSION = YES;
				CLANG_WARN_DEPRECATED_OBJC_IMPLEMENTATIONS = YES;
				CLANG_WARN_DIRECT_OBJC_ISA_USAGE = YES_ERROR;
				CLANG_WARN_DOCUMENTATION_COMMENTS = YES;
				CLANG_WARN_EMPTY_BODY = YES;
				CLANG_WARN_ENUM_CONVERSION = YES;
				CLANG_WARN_INFINITE_RECURSION = YES;
				CLANG_WARN_INT_CONVERSION = YES;
				CLANG_WARN_NON_LITERAL_NULL_CONVERSION = YES;
				CLANG_WARN_OBJC_IMPLICIT_RETAIN_SELF = YES;
				CLANG_WARN_OBJC_LITERAL_CONVERSION = YES;
				CLANG_WARN_OBJC_ROOT_CLASS = YES_ERROR;
				CLANG_WARN_QUOTED_INCLUDE_IN_FRAMEWORK_HEADER = YES;
				CLANG_WARN_RANGE_LOOP_ANALYSIS = YES;
				CLANG_WARN_STRICT_PROTOTYPES = YES;
				CLANG_WARN_SUSPICIOUS_MOVE = YES;
				CLANG_WARN_UNGUARDED_AVAILABILITY = YES_AGGRESSIVE;
				CLANG_WARN_UNREACHABLE_CODE = YES;
				CLANG_WARN__DUPLICATE_METHOD_MATCH = YES;
				COPY_PHASE_STRIP = NO;
				DEBUG_INFORMATION_FORMAT = dwarf;
				ENABLE_STRICT_OBJC_MSGSEND = YES;
				ENABLE_TESTABILITY = YES;
				GCC_C_LANGUAGE_STANDARD = gnu11;
				GCC_DYNAMIC_NO_PIC = NO;
				GCC_NO_COMMON_BLOCKS = YES;
				GCC_OPTIMIZATION_LEVEL = 0;
				GCC_PREPROCESSOR_DEFINITIONS = (
					"DEBUG=1",
					"$(inherited)",
				);
				GCC_WARN_64_TO_32_BIT_CONVERSION = YES;
				GCC_WARN_ABOUT_RETURN_TYPE = YES_ERROR;
				GCC_WARN_UNDECLARED_SELECTOR = YES;
				GCC_WARN_UNINITIALIZED_AUTOS = YES_AGGRESSIVE;
				GCC_WARN_UNUSED_FUNCTION = YES;
				GCC_WARN_UNUSED_VARIABLE = YES;
				IPHONEOS_DEPLOYMENT_TARGET = 15.4;
				MTL_ENABLE_DEBUG_INFO = INCLUDE_SOURCE;
				MTL_FAST_MATH = YES;
				ONLY_ACTIVE_ARCH = YES;
				SDKROOT = iphoneos;
				SWIFT_ACTIVE_COMPILATION_CONDITIONS = DEBUG;
				SWIFT_OPTIMIZATION_LEVEL = "-Onone";
			};
			name = Debug;
		};
		B378991B282F41D5003B26C2 /* Release */ = {
			isa = XCBuildConfiguration;
			buildSettings = {
				ALWAYS_SEARCH_USER_PATHS = NO;
				CLANG_ANALYZER_NONNULL = YES;
				CLANG_ANALYZER_NUMBER_OBJECT_CONVERSION = YES_AGGRESSIVE;
				CLANG_CXX_LANGUAGE_STANDARD = "gnu++17";
				CLANG_ENABLE_MODULES = YES;
				CLANG_ENABLE_OBJC_ARC = YES;
				CLANG_ENABLE_OBJC_WEAK = YES;
				CLANG_WARN_BLOCK_CAPTURE_AUTORELEASING = YES;
				CLANG_WARN_BOOL_CONVERSION = YES;
				CLANG_WARN_COMMA = YES;
				CLANG_WARN_CONSTANT_CONVERSION = YES;
				CLANG_WARN_DEPRECATED_OBJC_IMPLEMENTATIONS = YES;
				CLANG_WARN_DIRECT_OBJC_ISA_USAGE = YES_ERROR;
				CLANG_WARN_DOCUMENTATION_COMMENTS = YES;
				CLANG_WARN_EMPTY_BODY = YES;
				CLANG_WARN_ENUM_CONVERSION = YES;
				CLANG_WARN_INFINITE_RECURSION = YES;
				CLANG_WARN_INT_CONVERSION = YES;
				CLANG_WARN_NON_LITERAL_NULL_CONVERSION = YES;
				CLANG_WARN_OBJC_IMPLICIT_RETAIN_SELF = YES;
				CLANG_WARN_OBJC_LITERAL_CONVERSION = YES;
				CLANG_WARN_OBJC_ROOT_CLASS = YES_ERROR;
				CLANG_WARN_QUOTED_INCLUDE_IN_FRAMEWORK_HEADER = YES;
				CLANG_WARN_RANGE_LOOP_ANALYSIS = YES;
				CLANG_WARN_STRICT_PROTOTYPES = YES;
				CLANG_WARN_SUSPICIOUS_MOVE = YES;
				CLANG_WARN_UNGUARDED_AVAILABILITY = YES_AGGRESSIVE;
				CLANG_WARN_UNREACHABLE_CODE = YES;
				CLANG_WARN__DUPLICATE_METHOD_MATCH = YES;
				COPY_PHASE_STRIP = NO;
				DEBUG_INFORMATION_FORMAT = "dwarf-with-dsym";
				ENABLE_NS_ASSERTIONS = NO;
				ENABLE_STRICT_OBJC_MSGSEND = YES;
				GCC_C_LANGUAGE_STANDARD = gnu11;
				GCC_NO_COMMON_BLOCKS = YES;
				GCC_WARN_64_TO_32_BIT_CONVERSION = YES;
				GCC_WARN_ABOUT_RETURN_TYPE = YES_ERROR;
				GCC_WARN_UNDECLARED_SELECTOR = YES;
				GCC_WARN_UNINITIALIZED_AUTOS = YES_AGGRESSIVE;
				GCC_WARN_UNUSED_FUNCTION = YES;
				GCC_WARN_UNUSED_VARIABLE = YES;
				IPHONEOS_DEPLOYMENT_TARGET = 15.4;
				MTL_ENABLE_DEBUG_INFO = NO;
				MTL_FAST_MATH = YES;
				SDKROOT = iphoneos;
				SWIFT_COMPILATION_MODE = wholemodule;
				SWIFT_OPTIMIZATION_LEVEL = "-O";
				VALIDATE_PRODUCT = YES;
			};
			name = Release;
		};
		B378991D282F41D5003B26C2 /* Debug */ = {
			isa = XCBuildConfiguration;
			buildSettings = {
				ASSETCATALOG_COMPILER_APPICON_NAME = AppIcon;
				ASSETCATALOG_COMPILER_GLOBAL_ACCENT_COLOR_NAME = AccentColor;
				CODE_SIGN_STYLE = Automatic;
				CURRENT_PROJECT_VERSION = 1;
				DEVELOPMENT_TEAM = Q36WNCD8NL;
				GENERATE_INFOPLIST_FILE = YES;
				INFOPLIST_FILE = "My Parking App/Info.plist";
				INFOPLIST_KEY_UIApplicationSupportsIndirectInputEvents = YES;
				INFOPLIST_KEY_UILaunchStoryboardName = LaunchScreen;
				INFOPLIST_KEY_UIMainStoryboardFile = Main;
				INFOPLIST_KEY_UISupportedInterfaceOrientations_iPad = "UIInterfaceOrientationPortrait UIInterfaceOrientationPortraitUpsideDown UIInterfaceOrientationLandscapeLeft UIInterfaceOrientationLandscapeRight";
				INFOPLIST_KEY_UISupportedInterfaceOrientations_iPhone = "UIInterfaceOrientationPortrait UIInterfaceOrientationLandscapeLeft UIInterfaceOrientationLandscapeRight";
				IPHONEOS_DEPLOYMENT_TARGET = 14.0;
				LD_RUNPATH_SEARCH_PATHS = (
					"$(inherited)",
					"@executable_path/Frameworks",
				);
				MARKETING_VERSION = 1.0;
				PRODUCT_BUNDLE_IDENTIFIER = "com.example.My-Parking-App";
				PRODUCT_NAME = "$(TARGET_NAME)";
				SWIFT_EMIT_LOC_STRINGS = YES;
				SWIFT_VERSION = 5.0;
				TARGETED_DEVICE_FAMILY = "1,2";
			};
			name = Debug;
		};
		B378991E282F41D5003B26C2 /* Release */ = {
			isa = XCBuildConfiguration;
			buildSettings = {
				ASSETCATALOG_COMPILER_APPICON_NAME = AppIcon;
				ASSETCATALOG_COMPILER_GLOBAL_ACCENT_COLOR_NAME = AccentColor;
				CODE_SIGN_STYLE = Automatic;
				CURRENT_PROJECT_VERSION = 1;
				DEVELOPMENT_TEAM = Q36WNCD8NL;
				GENERATE_INFOPLIST_FILE = YES;
				INFOPLIST_FILE = "My Parking App/Info.plist";
				INFOPLIST_KEY_UIApplicationSupportsIndirectInputEvents = YES;
				INFOPLIST_KEY_UILaunchStoryboardName = LaunchScreen;
				INFOPLIST_KEY_UIMainStoryboardFile = Main;
				INFOPLIST_KEY_UISupportedInterfaceOrientations_iPad = "UIInterfaceOrientationPortrait UIInterfaceOrientationPortraitUpsideDown UIInterfaceOrientationLandscapeLeft UIInterfaceOrientationLandscapeRight";
				INFOPLIST_KEY_UISupportedInterfaceOrientations_iPhone = "UIInterfaceOrientationPortrait UIInterfaceOrientationLandscapeLeft UIInterfaceOrientationLandscapeRight";
				IPHONEOS_DEPLOYMENT_TARGET = 14.0;
				LD_RUNPATH_SEARCH_PATHS = (
					"$(inherited)",
					"@executable_path/Frameworks",
				);
				MARKETING_VERSION = 1.0;
				PRODUCT_BUNDLE_IDENTIFIER = "com.example.My-Parking-App";
				PRODUCT_NAME = "$(TARGET_NAME)";
				SWIFT_EMIT_LOC_STRINGS = YES;
				SWIFT_VERSION = 5.0;
				TARGETED_DEVICE_FAMILY = "1,2";
			};
			name = Release;
		};
/* End XCBuildConfiguration section */

/* Begin XCConfigurationList section */
		B3789903282F41D3003B26C2 /* Build configuration list for PBXProject "My Parking App" */ = {
			isa = XCConfigurationList;
			buildConfigurations = (
				B378991A282F41D5003B26C2 /* Debug */,
				B378991B282F41D5003B26C2 /* Release */,
			);
			defaultConfigurationIsVisible = 0;
			defaultConfigurationName = Release;
		};
		B378991C282F41D5003B26C2 /* Build configuration list for PBXNativeTarget "My Parking App" */ = {
			isa = XCConfigurationList;
			buildConfigurations = (
				B378991D282F41D5003B26C2 /* Debug */,
				B378991E282F41D5003B26C2 /* Release */,
			);
			defaultConfigurationIsVisible = 0;
			defaultConfigurationName = Release;
		};
/* End XCConfigurationList section */
	};
	rootObject = B3789900282F41D3003B26C2 /* Project object */;
}
